
Microsoft Visual Studio Solution File, Format Version 12.00
# Visual Studio Version 16
VisualStudioVersion = 16.0.28803.352
MinimumVisualStudioVersion = 10.0.40219.1
Project("{9A19103F-16F7-4668-BE54-9A1E7A4F7556}") = "CoreTut1", "CoreTut1\CoreTut1.csproj", "{87AB57D8-CED4-42F8-9EBF-381F794B5D84}"
EndProject
Project("{9A19103F-16F7-4668-BE54-9A1E7A4F7556}") = "Data", "Data\Data.csproj", "{E1B41E7A-FDB9-4552-A829-76BE8043BF9D}"
EndProject
Project("{FAE04EC0-301F-11D3-BF4B-00C04F79EFBC}") = "Common", "Common\Common.csproj", "{8C5A1AC8-C636-4EE5-9A62-C2113EAA08D3}"
EndProject
Global
	GlobalSection(SolutionConfigurationPlatforms) = preSolution
		Debug|Any CPU = Debug|Any CPU
		Release|Any CPU = Release|Any CPU
	EndGlobalSection
	GlobalSection(ProjectConfigurationPlatforms) = postSolution
		{87AB57D8-CED4-42F8-9EBF-381F794B5D84}.Debug|Any CPU.ActiveCfg = Debug|Any CPU
		{87AB57D8-CED4-42F8-9EBF-381F794B5D84}.Debug|Any CPU.Build.0 = Debug|Any CPU
		{87AB57D8-CED4-42F8-9EBF-381F794B5D84}.Release|Any CPU.ActiveCfg = Release|Any CPU
		{87AB57D8-CED4-42F8-9EBF-381F794B5D84}.Release|Any CPU.Build.0 = Release|Any CPU
		{E1B41E7A-FDB9-4552-A829-76BE8043BF9D}.Debug|Any CPU.ActiveCfg = Debug|Any CPU
		{E1B41E7A-FDB9-4552-A829-76BE8043BF9D}.Debug|Any CPU.Build.0 = Debug|Any CPU
		{E1B41E7A-FDB9-4552-A829-76BE8043BF9D}.Release|Any CPU.ActiveCfg = Release|Any CPU
		{E1B41E7A-FDB9-4552-A829-76BE8043BF9D}.Release|Any CPU.Build.0 = Release|Any CPU
		{8C5A1AC8-C636-4EE5-9A62-C2113EAA08D3}.Debug|Any CPU.ActiveCfg = Debug|Any CPU
		{8C5A1AC8-C636-4EE5-9A62-C2113EAA08D3}.Debug|Any CPU.Build.0 = Debug|Any CPU
		{8C5A1AC8-C636-4EE5-9A62-C2113EAA08D3}.Release|Any CPU.ActiveCfg = Release|Any CPU
		{8C5A1AC8-C636-4EE5-9A62-C2113EAA08D3}.Release|Any CPU.Build.0 = Release|Any CPU
	EndGlobalSection
	GlobalSection(SolutionProperties) = preSolution
		HideSolutionNode = FALSE
	EndGlobalSection
	GlobalSection(ExtensibilityGlobals) = postSolution
		SolutionGuid = {520EC379-E151-4BF2-865D-8027037220D5}
	EndGlobalSection
EndGlobal
